{
  "name": "@jeremyvun/playtest-control-plane",
  "version": "0.1.0",
  "lockfileVersion": 3,
  "requires": true,
  "packages": {
    "": {
      "name": "@jeremyvun/playtest-control-plane",
      "version": "0.1.0",
      "bin": {
        "playtest-server": "src/index.ts"
      },
      "engines": {
        "node": ">=22.5"
      }
    }
  }
}
